// !$*UTF8*$!
{
	archiveVersion = 1;
	classes = {
	};
	objectVersion = 56;
	objects = {

/* Begin PBXBuildFile section */
		6311FC70292B7D8B00538F98 /* SubscriptionApp.swift in Sources */ = {isa = PBXBuildFile; fileRef = 6311FC6F292B7D8B00538F98 /* SubscriptionApp.swift */; };
		6311FC74292B7D8B00538F98 /* Assets.xcassets in Resources */ = {isa = PBXBuildFile; fileRef = 6311FC73292B7D8B00538F98 /* Assets.xcassets */; };
		6311FC77292B7D8B00538F98 /* Preview Assets.xcassets in Resources */ = {isa = PBXBuildFile; fileRef = 6311FC76292B7D8B00538F98 /* Preview Assets.xcassets */; };
		6311FC81292B7D8C00538F98 /* SubscriptionTests.swift in Sources */ = {isa = PBXBuildFile; fileRef = 6311FC80292B7D8C00538F98 /* SubscriptionTests.swift */; };
		6311FC8B292B7D8C00538F98 /* SubscriptionUITests.swift in Sources */ = {isa = PBXBuildFile; fileRef = 6311FC8A292B7D8C00538F98 /* SubscriptionUITests.swift */; };
		6311FC8D292B7D8C00538F98 /* SubscriptionUITestsLaunchTests.swift in Sources */ = {isa = PBXBuildFile; fileRef = 6311FC8C292B7D8C00538F98 /* SubscriptionUITestsLaunchTests.swift */; };
		6311FC9B292B7E0300538F98 /* ComposableArchitecture in Frameworks */ = {isa = PBXBuildFile; productRef = 6311FC9A292B7E0300538F98 /* ComposableArchitecture */; };
		6311FC9D292B7E0300538F98 /* Dependencies in Frameworks */ = {isa = PBXBuildFile; productRef = 6311FC9C292B7E0300538F98 /* Dependencies */; };
		6311FCA0292B7E3B00538F98 /* TCACoordinators in Frameworks */ = {isa = PBXBuildFile; productRef = 6311FC9F292B7E3B00538F98 /* TCACoordinators */; };
		6311FCA3292B7F0B00538F98 /* AppView.swift in Sources */ = {isa = PBXBuildFile; fileRef = 6311FCA2292B7F0B00538F98 /* AppView.swift */; };
		6311FCA5292B7F1400538F98 /* AppDelegate.swift in Sources */ = {isa = PBXBuildFile; fileRef = 6311FCA4292B7F1400538F98 /* AppDelegate.swift */; };
		6311FCA8292B7F4200538F98 /* Coordinator.swift in Sources */ = {isa = PBXBuildFile; fileRef = 6311FCA7292B7F4200538F98 /* Coordinator.swift */; };
		6311FCAA292B7F4600538F98 /* Screen.swift in Sources */ = {isa = PBXBuildFile; fileRef = 6311FCA9292B7F4600538F98 /* Screen.swift */; };
		6311FCAD292B7F9F00538F98 /* Verification.swift in Sources */ = {isa = PBXBuildFile; fileRef = 6311FCAC292B7F9F00538F98 /* Verification.swift */; };
/* End PBXBuildFile section */

/* Begin PBXContainerItemProxy section */
		6311FC7D292B7D8C00538F98 /* PBXContainerItemProxy */ = {
			isa = PBXContainerItemProxy;
			containerPortal = 6311FC64292B7D8B00538F98 /* Project object */;
			proxyType = 1;
			remoteGlobalIDString = 6311FC6B292B7D8B00538F98;
			remoteInfo = Subscription;
		};
		6311FC87292B7D8C00538F98 /* PBXContainerItemProxy */ = {
			isa = PBXContainerItemProxy;
			containerPortal = 6311FC64292B7D8B00538F98 /* Project object */;
			proxyType = 1;
			remoteGlobalIDString = 6311FC6B292B7D8B00538F98;
			remoteInfo = Subscription;
		};
/* End PBXContainerItemProxy section */

/* Begin PBXFileReference section */
		6311FC6C292B7D8B00538F98 /* Subscription.app */ = {isa = PBXFileReference; explicitFileType = wrapper.application; includeInIndex = 0; path = Subscription.app; sourceTree = BUILT_PRODUCTS_DIR; };
		6311FC6F292B7D8B00538F98 /* SubscriptionApp.swift */ = {isa = PBXFileReference; lastKnownFileType = sourcecode.swift; path = SubscriptionApp.swift; sourceTree = "<group>"; };
		6311FC73292B7D8B00538F98 /* Assets.xcassets */ = {isa = PBXFileReference; lastKnownFileType = folder.assetcatalog; path = Assets.xcassets; sourceTree = "<group>"; };
		6311FC76292B7D8B00538F98 /* Preview Assets.xcassets */ = {isa = PBXFileReference; lastKnownFileType = folder.assetcatalog; path = "Preview Assets.xcassets"; sourceTree = "<group>"; };
		6311FC7C292B7D8C00538F98 /* SubscriptionTests.xctest */ = {isa = PBXFileReference; explicitFileType = wrapper.cfbundle; includeInIndex = 0; path = SubscriptionTests.xctest; sourceTree = BUILT_PRODUCTS_DIR; };
		6311FC80292B7D8C00538F98 /* SubscriptionTests.swift */ = {isa = PBXFileReference; lastKnownFileType = sourcecode.swift; path = SubscriptionTests.swift; sourceTree = "<group>"; };
		6311FC86292B7D8C00538F98 /* SubscriptionUITests.xctest */ = {isa = PBXFileReference; explicitFileType = wrapper.cfbundle; includeInIndex = 0; path = SubscriptionUITests.xctest; sourceTree = BUILT_PRODUCTS_DIR; };
		6311FC8A292B7D8C00538F98 /* SubscriptionUITests.swift */ = {isa = PBXFileReference; lastKnownFileType = sourcecode.swift; path = SubscriptionUITests.swift; sourceTree = "<group>"; };
		6311FC8C292B7D8C00538F98 /* SubscriptionUITestsLaunchTests.swift */ = {isa = PBXFileReference; lastKnownFileType = sourcecode.swift; path = SubscriptionUITestsLaunchTests.swift; sourceTree = "<group>"; };
		6311FCA2292B7F0B00538F98 /* AppView.swift */ = {isa = PBXFileReference; lastKnownFileType = sourcecode.swift; path = AppView.swift; sourceTree = "<group>"; };
		6311FCA4292B7F1400538F98 /* AppDelegate.swift */ = {isa = PBXFileReference; lastKnownFileType = sourcecode.swift; path = AppDelegate.swift; sourceTree = "<group>"; };
		6311FCA7292B7F4200538F98 /* Coordinator.swift */ = {isa = PBXFileReference; lastKnownFileType = sourcecode.swift; path = Coordinator.swift; sourceTree = "<group>"; };
		6311FCA9292B7F4600538F98 /* Screen.swift */ = {isa = PBXFileReference; lastKnownFileType = sourcecode.swift; path = Screen.swift; sourceTree = "<group>"; };
		6311FCAC292B7F9F00538F98 /* Verification.swift */ = {isa = PBXFileReference; lastKnownFileType = sourcecode.swift; path = Verification.swift; sourceTree = "<group>"; };
/* End PBXFileReference section */

/* Begin PBXFrameworksBuildPhase section */
		6311FC69292B7D8B00538F98 /* Frameworks */ = {
			isa = PBXFrameworksBuildPhase;
			buildActionMask = 2147483647;
			files = (
				6311FC9B292B7E0300538F98 /* ComposableArchitecture in Frameworks */,
				6311FCA0292B7E3B00538F98 /* TCACoordinators in Frameworks */,
				6311FC9D292B7E0300538F98 /* Dependencies in Frameworks */,
			);
			runOnlyForDeploymentPostprocessing = 0;
		};
		6311FC79292B7D8C00538F98 /* Frameworks */ = {
			isa = PBXFrameworksBuildPhase;
			buildActionMask = 2147483647;
			files = (
			);
			runOnlyForDeploymentPostprocessing = 0;
		};
		6311FC83292B7D8C00538F98 /* Frameworks */ = {
			isa = PBXFrameworksBuildPhase;
			buildActionMask = 2147483647;
			files = (
			);
			runOnlyForDeploymentPostprocessing = 0;
		};
/* End PBXFrameworksBuildPhase section */

/* Begin PBXGroup section */
		6311FC63292B7D8B00538F98 = {
			isa = PBXGroup;
			children = (
				6311FC6E292B7D8B00538F98 /* Subscription */,
				6311FC7F292B7D8C00538F98 /* SubscriptionTests */,
				6311FC89292B7D8C00538F98 /* SubscriptionUITests */,
				6311FC6D292B7D8B00538F98 /* Products */,
			);
			sourceTree = "<group>";
		};
		6311FC6D292B7D8B00538F98 /* Products */ = {
			isa = PBXGroup;
			children = (
				6311FC6C292B7D8B00538F98 /* Subscription.app */,
				6311FC7C292B7D8C00538F98 /* SubscriptionTests.xctest */,
				6311FC86292B7D8C00538F98 /* SubscriptionUITests.xctest */,
			);
			name = Products;
			sourceTree = "<group>";
		};
		6311FC6E292B7D8B00538F98 /* Subscription */ = {
			isa = PBXGroup;
			children = (
				6311FC6F292B7D8B00538F98 /* SubscriptionApp.swift */,
				6311FCA6292B7F3800538F98 /* Coordinator */,
				6311FCA1292B7EFF00538F98 /* AppFeature */,
				6311FCAB292B7F8B00538F98 /* VerificationFeature */,
				6311FC73292B7D8B00538F98 /* Assets.xcassets */,
				6311FC75292B7D8B00538F98 /* Preview Content */,
			);
			path = Subscription;
			sourceTree = "<group>";
		};
		6311FC75292B7D8B00538F98 /* Preview Content */ = {
			isa = PBXGroup;
			children = (
				6311FC76292B7D8B00538F98 /* Preview Assets.xcassets */,
			);
			path = "Preview Content";
			sourceTree = "<group>";
		};
		6311FC7F292B7D8C00538F98 /* SubscriptionTests */ = {
			isa = PBXGroup;
			children = (
				6311FC80292B7D8C00538F98 /* SubscriptionTests.swift */,
			);
			path = SubscriptionTests;
			sourceTree = "<group>";
		};
		6311FC89292B7D8C00538F98 /* SubscriptionUITests */ = {
			isa = PBXGroup;
			children = (
				6311FC8A292B7D8C00538F98 /* SubscriptionUITests.swift */,
				6311FC8C292B7D8C00538F98 /* SubscriptionUITestsLaunchTests.swift */,
			);
			path = SubscriptionUITests;
			sourceTree = "<group>";
		};
		6311FCA1292B7EFF00538F98 /* AppFeature */ = {
			isa = PBXGroup;
			children = (
				6311FCA2292B7F0B00538F98 /* AppView.swift */,
				6311FCA4292B7F1400538F98 /* AppDelegate.swift */,
			);
			path = AppFeature;
			sourceTree = "<group>";
		};
		6311FCA6292B7F3800538F98 /* Coordinator */ = {
			isa = PBXGroup;
			children = (
				6311FCA7292B7F4200538F98 /* Coordinator.swift */,
				6311FCA9292B7F4600538F98 /* Screen.swift */,
			);
			path = Coordinator;
			sourceTree = "<group>";
		};
		6311FCAB292B7F8B00538F98 /* VerificationFeature */ = {
			isa = PBXGroup;
			children = (
				6311FCAC292B7F9F00538F98 /* Verification.swift */,
			);
			path = VerificationFeature;
			sourceTree = "<group>";
		};
/* End PBXGroup section */

/* Begin PBXNativeTarget section */
		6311FC6B292B7D8B00538F98 /* Subscription */ = {
			isa = PBXNativeTarget;
			buildConfigurationList = 6311FC90292B7D8C00538F98 /* Build configuration list for PBXNativeTarget "Subscription" */;
			buildPhases = (
				6311FC68292B7D8B00538F98 /* Sources */,
				6311FC69292B7D8B00538F98 /* Frameworks */,
				6311FC6A292B7D8B00538F98 /* Resources */,
			);
			buildRules = (
			);
			dependencies = (
			);
			name = Subscription;
			packageProductDependencies = (
				6311FC9A292B7E0300538F98 /* ComposableArchitecture */,
				6311FC9C292B7E0300538F98 /* Dependencies */,
				6311FC9F292B7E3B00538F98 /* TCACoordinators */,
			);
			productName = Subscription;
			productReference = 6311FC6C292B7D8B00538F98 /* Subscription.app */;
			productType = "com.apple.product-type.application";
		};
		6311FC7B292B7D8C00538F98 /* SubscriptionTests */ = {
			isa = PBXNativeTarget;
			buildConfigurationList = 6311FC93292B7D8C00538F98 /* Build configuration list for PBXNativeTarget "SubscriptionTests" */;
			buildPhases = (
				6311FC78292B7D8C00538F98 /* Sources */,
				6311FC79292B7D8C00538F98 /* Frameworks */,
				6311FC7A292B7D8C00538F98 /* Resources */,
			);
			buildRules = (
			);
			dependencies = (
				6311FC7E292B7D8C00538F98 /* PBXTargetDependency */,
			);
			name = SubscriptionTests;
			productName = SubscriptionTests;
			productReference = 6311FC7C292B7D8C00538F98 /* SubscriptionTests.xctest */;
			productType = "com.apple.product-type.bundle.unit-test";
		};
		6311FC85292B7D8C00538F98 /* SubscriptionUITests */ = {
			isa = PBXNativeTarget;
			buildConfigurationList = 6311FC96292B7D8C00538F98 /* Build configuration list for PBXNativeTarget "SubscriptionUITests" */;
			buildPhases = (
				6311FC82292B7D8C00538F98 /* Sources */,
				6311FC83292B7D8C00538F98 /* Frameworks */,
				6311FC84292B7D8C00538F98 /* Resources */,
			);
			buildRules = (
			);
			dependencies = (
				6311FC88292B7D8C00538F98 /* PBXTargetDependency */,
			);
			name = SubscriptionUITests;
			productName = SubscriptionUITests;
			productReference = 6311FC86292B7D8C00538F98 /* SubscriptionUITests.xctest */;
			productType = "com.apple.product-type.bundle.ui-testing";
		};
/* End PBXNativeTarget section */

/* Begin PBXProject section */
		6311FC64292B7D8B00538F98 /* Project object */ = {
			isa = PBXProject;
			attributes = {
				BuildIndependentTargetsInParallel = 1;
				LastSwiftUpdateCheck = 1400;
				LastUpgradeCheck = 1400;
				TargetAttributes = {
					6311FC6B292B7D8B00538F98 = {
						CreatedOnToolsVersion = 14.0.1;
					};
					6311FC7B292B7D8C00538F98 = {
						CreatedOnToolsVersion = 14.0.1;
						TestTargetID = 6311FC6B292B7D8B00538F98;
					};
					6311FC85292B7D8C00538F98 = {
						CreatedOnToolsVersion = 14.0.1;
						TestTargetID = 6311FC6B292B7D8B00538F98;
					};
				};
			};
			buildConfigurationList = 6311FC67292B7D8B00538F98 /* Build configuration list for PBXProject "Subscription" */;
			compatibilityVersion = "Xcode 14.0";
			developmentRegion = en;
			hasScannedForEncodings = 0;
			knownRegions = (
				en,
				Base,
			);
			mainGroup = 6311FC63292B7D8B00538F98;
			packageReferences = (
				6311FC99292B7E0300538F98 /* XCRemoteSwiftPackageReference "swift-composable-architecture" */,
				6311FC9E292B7E3B00538F98 /* XCRemoteSwiftPackageReference "TCACoordinators" */,
			);
			productRefGroup = 6311FC6D292B7D8B00538F98 /* Products */;
			projectDirPath = "";
			projectRoot = "";
			targets = (
				6311FC6B292B7D8B00538F98 /* Subscription */,
				6311FC7B292B7D8C00538F98 /* SubscriptionTests */,
				6311FC85292B7D8C00538F98 /* SubscriptionUITests */,
			);
		};
/* End PBXProject section */

/* Begin PBXResourcesBuildPhase section */
		6311FC6A292B7D8B00538F98 /* Resources */ = {
			isa = PBXResourcesBuildPhase;
			buildActionMask = 2147483647;
			files = (
				6311FC77292B7D8B00538F98 /* Preview Assets.xcassets in Resources */,
				6311FC74292B7D8B00538F98 /* Assets.xcassets in Resources */,
			);
			runOnlyForDeploymentPostprocessing = 0;
		};
		6311FC7A292B7D8C00538F98 /* Resources */ = {
			isa = PBXResourcesBuildPhase;
			buildActionMask = 2147483647;
			files = (
			);
			runOnlyForDeploymentPostprocessing = 0;
		};
		6311FC84292B7D8C00538F98 /* Resources */ = {
			isa = PBXResourcesBuildPhase;
			buildActionMask = 2147483647;
			files = (
			);
			runOnlyForDeploymentPostprocessing = 0;
		};
/* End PBXResourcesBuildPhase section */

/* Begin PBXSourcesBuildPhase section */
		6311FC68292B7D8B00538F98 /* Sources */ = {
			isa = PBXSourcesBuildPhase;
			buildActionMask = 2147483647;
			files = (
				6311FCAD292B7F9F00538F98 /* Verification.swift in Sources */,
				6311FCAA292B7F4600538F98 /* Screen.swift in Sources */,
				6311FCA8292B7F4200538F98 /* Coordinator.swift in Sources */,
				6311FCA5292B7F1400538F98 /* AppDelegate.swift in Sources */,
				6311FCA3292B7F0B00538F98 /* AppView.swift in Sources */,
				6311FC70292B7D8B00538F98 /* SubscriptionApp.swift in Sources */,
			);
			runOnlyForDeploymentPostprocessing = 0;
		};
		6311FC78292B7D8C00538F98 /* Sources */ = {
			isa = PBXSourcesBuildPhase;
			buildActionMask = 2147483647;
			files = (
				6311FC81292B7D8C00538F98 /* SubscriptionTests.swift in Sources */,
			);
			runOnlyForDeploymentPostprocessing = 0;
		};
		6311FC82292B7D8C00538F98 /* Sources */ = {
			isa = PBXSourcesBuildPhase;
			buildActionMask = 2147483647;
			files = (
				6311FC8B292B7D8C00538F98 /* SubscriptionUITests.swift in Sources */,
				6311FC8D292B7D8C00538F98 /* SubscriptionUITestsLaunchTests.swift in Sources */,
			);
			runOnlyForDeploymentPostprocessing = 0;
		};
/* End PBXSourcesBuildPhase section */

/* Begin PBXTargetDependency section */
		6311FC7E292B7D8C00538F98 /* PBXTargetDependency */ = {
			isa = PBXTargetDependency;
			target = 6311FC6B292B7D8B00538F98 /* Subscription */;
			targetProxy = 6311FC7D292B7D8C00538F98 /* PBXContainerItemProxy */;
		};
		6311FC88292B7D8C00538F98 /* PBXTargetDependency */ = {
			isa = PBXTargetDependency;
			target = 6311FC6B292B7D8B00538F98 /* Subscription */;
			targetProxy = 6311FC87292B7D8C00538F98 /* PBXContainerItemProxy */;
		};
/* End PBXTargetDependency section */

/* Begin XCBuildConfiguration section */
		6311FC8E292B7D8C00538F98 /* Debug */ = {
			isa = XCBuildConfiguration;
			buildSettings = {
				ALWAYS_SEARCH_USER_PATHS = NO;
				CLANG_ANALYZER_NONNULL = YES;
				CLANG_ANALYZER_NUMBER_OBJECT_CONVERSION = YES_AGGRESSIVE;
				CLANG_CXX_LANGUAGE_STANDARD = "gnu++20";
				CLANG_ENABLE_MODULES = YES;
				CLANG_ENABLE_OBJC_ARC = YES;
				CLANG_ENABLE_OBJC_WEAK = YES;
				CLANG_WARN_BLOCK_CAPTURE_AUTORELEASING = YES;
				CLANG_WARN_BOOL_CONVERSION = YES;
				CLANG_WARN_COMMA = YES;
				CLANG_WARN_CONSTANT_CONVERSION = YES;
				CLANG_WARN_DEPRECATED_OBJC_IMPLEMENTATIONS = YES;
				CLANG_WARN_DIRECT_OBJC_ISA_USAGE = YES_ERROR;
				CLANG_WARN_DOCUMENTATION_COMMENTS = YES;
				CLANG_WARN_EMPTY_BODY = YES;
				CLANG_WARN_ENUM_CONVERSION = YES;
				CLANG_WARN_INFINITE_RECURSION = YES;
				CLANG_WARN_INT_CONVERSION = YES;
				CLANG_WARN_NON_LITERAL_NULL_CONVERSION = YES;
				CLANG_WARN_OBJC_IMPLICIT_RETAIN_SELF = YES;
				CLANG_WARN_OBJC_LITERAL_CONVERSION = YES;
				CLANG_WARN_OBJC_ROOT_CLASS = YES_ERROR;
				CLANG_WARN_QUOTED_INCLUDE_IN_FRAMEWORK_HEADER = YES;
				CLANG_WARN_RANGE_LOOP_ANALYSIS = YES;
				CLANG_WARN_STRICT_PROTOTYPES = YES;
				CLANG_WARN_SUSPICIOUS_MOVE = YES;
				CLANG_WARN_UNGUARDED_AVAILABILITY = YES_AGGRESSIVE;
				CLANG_WARN_UNREACHABLE_CODE = YES;
				CLANG_WARN__DUPLICATE_METHOD_MATCH = YES;
				COPY_PHASE_STRIP = NO;
				DEBUG_INFORMATION_FORMAT = dwarf;
				ENABLE_STRICT_OBJC_MSGSEND = YES;
				ENABLE_TESTABILITY = YES;
				GCC_C_LANGUAGE_STANDARD = gnu11;
				GCC_DYNAMIC_NO_PIC = NO;
				GCC_NO_COMMON_BLOCKS = YES;
				GCC_OPTIMIZATION_LEVEL = 0;
				GCC_PREPROCESSOR_DEFINITIONS = (
					"DEBUG=1",
					"$(inherited)",
				);
				GCC_WARN_64_TO_32_BIT_CONVERSION = YES;
				GCC_WARN_ABOUT_RETURN_TYPE = YES_ERROR;
				GCC_WARN_UNDECLARED_SELECTOR = YES;
				GCC_WARN_UNINITIALIZED_AUTOS = YES_AGGRESSIVE;
				GCC_WARN_UNUSED_FUNCTION = YES;
				GCC_WARN_UNUSED_VARIABLE = YES;
				IPHONEOS_DEPLOYMENT_TARGET = 16.0;
				MTL_ENABLE_DEBUG_INFO = INCLUDE_SOURCE;
				MTL_FAST_MATH = YES;
				ONLY_ACTIVE_ARCH = YES;
				SDKROOT = iphoneos;
				SWIFT_ACTIVE_COMPILATION_CONDITIONS = DEBUG;
				SWIFT_OPTIMIZATION_LEVEL = "-Onone";
			};
			name = Debug;
		};
		6311FC8F292B7D8C00538F98 /* Release */ = {
			isa = XCBuildConfiguration;
			buildSettings = {
				ALWAYS_SEARCH_USER_PATHS = NO;
				CLANG_ANALYZER_NONNULL = YES;
				CLANG_ANALYZER_NUMBER_OBJECT_CONVERSION = YES_AGGRESSIVE;
				CLANG_CXX_LANGUAGE_STANDARD = "gnu++20";
				CLANG_ENABLE_MODULES = YES;
				CLANG_ENABLE_OBJC_ARC = YES;
				CLANG_ENABLE_OBJC_WEAK = YES;
				CLANG_WARN_BLOCK_CAPTURE_AUTORELEASING = YES;
				CLANG_WARN_BOOL_CONVERSION = YES;
				CLANG_WARN_COMMA = YES;
				CLANG_WARN_CONSTANT_CONVERSION = YES;
				CLANG_WARN_DEPRECATED_OBJC_IMPLEMENTATIONS = YES;
				CLANG_WARN_DIRECT_OBJC_ISA_USAGE = YES_ERROR;
				CLANG_WARN_DOCUMENTATION_COMMENTS = YES;
				CLANG_WARN_EMPTY_BODY = YES;
				CLANG_WARN_ENUM_CONVERSION = YES;
				CLANG_WARN_INFINITE_RECURSION = YES;
				CLANG_WARN_INT_CONVERSION = YES;
				CLANG_WARN_NON_LITERAL_NULL_CONVERSION = YES;
				CLANG_WARN_OBJC_IMPLICIT_RETAIN_SELF = YES;
				CLANG_WARN_OBJC_LITERAL_CONVERSION = YES;
				CLANG_WARN_OBJC_ROOT_CLASS = YES_ERROR;
				CLANG_WARN_QUOTED_INCLUDE_IN_FRAMEWORK_HEADER = YES;
				CLANG_WARN_RANGE_LOOP_ANALYSIS = YES;
				CLANG_WARN_STRICT_PROTOTYPES = YES;
				CLANG_WARN_SUSPICIOUS_MOVE = YES;
				CLANG_WARN_UNGUARDED_AVAILABILITY = YES_AGGRESSIVE;
				CLANG_WARN_UNREACHABLE_CODE = YES;
				CLANG_WARN__DUPLICATE_METHOD_MATCH = YES;
				COPY_PHASE_STRIP = NO;
				DEBUG_INFORMATION_FORMAT = "dwarf-with-dsym";
				ENABLE_NS_ASSERTIONS = NO;
				ENABLE_STRICT_OBJC_MSGSEND = YES;
				GCC_C_LANGUAGE_STANDARD = gnu11;
				GCC_NO_COMMON_BLOCKS = YES;
				GCC_WARN_64_TO_32_BIT_CONVERSION = YES;
				GCC_WARN_ABOUT_RETURN_TYPE = YES_ERROR;
				GCC_WARN_UNDECLARED_SELECTOR = YES;
				GCC_WARN_UNINITIALIZED_AUTOS = YES_AGGRESSIVE;
				GCC_WARN_UNUSED_FUNCTION = YES;
				GCC_WARN_UNUSED_VARIABLE = YES;
				IPHONEOS_DEPLOYMENT_TARGET = 16.0;
				MTL_ENABLE_DEBUG_INFO = NO;
				MTL_FAST_MATH = YES;
				SDKROOT = iphoneos;
				SWIFT_COMPILATION_MODE = wholemodule;
				SWIFT_OPTIMIZATION_LEVEL = "-O";
				VALIDATE_PRODUCT = YES;
			};
			name = Release;
		};
		6311FC91292B7D8C00538F98 /* Debug */ = {
			isa = XCBuildConfiguration;
			buildSettings = {
				ASSETCATALOG_COMPILER_APPICON_NAME = AppIcon;
				ASSETCATALOG_COMPILER_GLOBAL_ACCENT_COLOR_NAME = AccentColor;
				CODE_SIGN_STYLE = Automatic;
				CURRENT_PROJECT_VERSION = 1;
				DEVELOPMENT_ASSET_PATHS = "\"Subscription/Preview Content\"";
				ENABLE_PREVIEWS = YES;
				GENERATE_INFOPLIST_FILE = YES;
				INFOPLIST_KEY_UIApplicationSceneManifest_Generation = YES;
				INFOPLIST_KEY_UIApplicationSupportsIndirectInputEvents = YES;
				INFOPLIST_KEY_UILaunchScreen_Generation = YES;
				INFOPLIST_KEY_UISupportedInterfaceOrientations = UIInterfaceOrientationPortrait;
				INFOPLIST_KEY_UISupportedInterfaceOrientations_iPad = "UIInterfaceOrientationLandscapeLeft UIInterfaceOrientationLandscapeRight";
				LD_RUNPATH_SEARCH_PATHS = (
					"$(inherited)",
					"@executable_path/Frameworks",
				);
				MARKETING_VERSION = 1.0;
				PRODUCT_BUNDLE_IDENTIFIER = com.dlee.Subscription;
				PRODUCT_NAME = "$(TARGET_NAME)";
				SWIFT_EMIT_LOC_STRINGS = YES;
				SWIFT_VERSION = 5.0;
				TARGETED_DEVICE_FAMILY = "1,2";
			};
			name = Debug;
		};
		6311FC92292B7D8C00538F98 /* Release */ = {
			isa = XCBuildConfiguration;
			buildSettings = {
				ASSETCATALOG_COMPILER_APPICON_NAME = AppIcon;
				ASSETCATALOG_COMPILER_GLOBAL_ACCENT_COLOR_NAME = AccentColor;
				CODE_SIGN_STYLE = Automatic;
				CURRENT_PROJECT_VERSION = 1;
				DEVELOPMENT_ASSET_PATHS = "\"Subscription/Preview Content\"";
				ENABLE_PREVIEWS = YES;
				GENERATE_INFOPLIST_FILE = YES;
				INFOPLIST_KEY_UIApplicationSceneManifest_Generation = YES;
				INFOPLIST_KEY_UIApplicationSupportsIndirectInputEvents = YES;
				INFOPLIST_KEY_UILaunchScreen_Generation = YES;
				INFOPLIST_KEY_UISupportedInterfaceOrientations = UIInterfaceOrientationPortrait;
				INFOPLIST_KEY_UISupportedInterfaceOrientations_iPad = "UIInterfaceOrientationLandscapeLeft UIInterfaceOrientationLandscapeRight";
				LD_RUNPATH_SEARCH_PATHS = (
					"$(inherited)",
					"@executable_path/Frameworks",
				);
				MARKETING_VERSION = 1.0;
				PRODUCT_BUNDLE_IDENTIFIER = com.dlee.Subscription;
				PRODUCT_NAME = "$(TARGET_NAME)";
				SWIFT_EMIT_LOC_STRINGS = YES;
				SWIFT_VERSION = 5.0;
				TARGETED_DEVICE_FAMILY = "1,2";
			};
			name = Release;
		};
		6311FC94292B7D8C00538F98 /* Debug */ = {
			isa = XCBuildConfiguration;
			buildSettings = {
				ALWAYS_EMBED_SWIFT_STANDARD_LIBRARIES = YES;
				BUNDLE_LOADER = "$(TEST_HOST)";
				CODE_SIGN_STYLE = Automatic;
				CURRENT_PROJECT_VERSION = 1;
				GENERATE_INFOPLIST_FILE = YES;
				IPHONEOS_DEPLOYMENT_TARGET = 16.0;
				MARKETING_VERSION = 1.0;
				PRODUCT_BUNDLE_IDENTIFIER = com.dlee.SubscriptionTests;
				PRODUCT_NAME = "$(TARGET_NAME)";
				SWIFT_EMIT_LOC_STRINGS = NO;
				SWIFT_VERSION = 5.0;
				TARGETED_DEVICE_FAMILY = "1,2";
				TEST_HOST = "$(BUILT_PRODUCTS_DIR)/Subscription.app/$(BUNDLE_EXECUTABLE_FOLDER_PATH)/Subscription";
			};
			name = Debug;
		};
		6311FC95292B7D8C00538F98 /* Release */ = {
			isa = XCBuildConfiguration;
			buildSettings = {
				ALWAYS_EMBED_SWIFT_STANDARD_LIBRARIES = YES;
				BUNDLE_LOADER = "$(TEST_HOST)";
				CODE_SIGN_STYLE = Automatic;
				CURRENT_PROJECT_VERSION = 1;
				GENERATE_INFOPLIST_FILE = YES;
				IPHONEOS_DEPLOYMENT_TARGET = 16.0;
				MARKETING_VERSION = 1.0;
				PRODUCT_BUNDLE_IDENTIFIER = com.dlee.SubscriptionTests;
				PRODUCT_NAME = "$(TARGET_NAME)";
				SWIFT_EMIT_LOC_STRINGS = NO;
				SWIFT_VERSION = 5.0;
				TARGETED_DEVICE_FAMILY = "1,2";
				TEST_HOST = "$(BUILT_PRODUCTS_DIR)/Subscription.app/$(BUNDLE_EXECUTABLE_FOLDER_PATH)/Subscription";
			};
			name = Release;
		};
		6311FC97292B7D8C00538F98 /* Debug */ = {
			isa = XCBuildConfiguration;
			buildSettings = {
				ALWAYS_EMBED_SWIFT_STANDARD_LIBRARIES = YES;
				CODE_SIGN_STYLE = Automatic;
				CURRENT_PROJECT_VERSION = 1;
				GENERATE_INFOPLIST_FILE = YES;
				MARKETING_VERSION = 1.0;
				PRODUCT_BUNDLE_IDENTIFIER = com.dlee.SubscriptionUITests;
				PRODUCT_NAME = "$(TARGET_NAME)";
				SWIFT_EMIT_LOC_STRINGS = NO;
				SWIFT_VERSION = 5.0;
				TARGETED_DEVICE_FAMILY = "1,2";
				TEST_TARGET_NAME = Subscription;
			};
			name = Debug;
		};
		6311FC98292B7D8C00538F98 /* Release */ = {
			isa = XCBuildConfiguration;
			buildSettings = {
				ALWAYS_EMBED_SWIFT_STANDARD_LIBRARIES = YES;
				CODE_SIGN_STYLE = Automatic;
				CURRENT_PROJECT_VERSION = 1;
				GENERATE_INFOPLIST_FILE = YES;
				MARKETING_VERSION = 1.0;
				PRODUCT_BUNDLE_IDENTIFIER = com.dlee.SubscriptionUITests;
				PRODUCT_NAME = "$(TARGET_NAME)";
				SWIFT_EMIT_LOC_STRINGS = NO;
				SWIFT_VERSION = 5.0;
				TARGETED_DEVICE_FAMILY = "1,2";
				TEST_TARGET_NAME = Subscription;
			};
			name = Release;
		};
/* End XCBuildConfiguration section */

/* Begin XCConfigurationList section */
		6311FC67292B7D8B00538F98 /* Build configuration list for PBXProject "Subscription" */ = {
			isa = XCConfigurationList;
			buildConfigurations = (
				6311FC8E292B7D8C00538F98 /* Debug */,
				6311FC8F292B7D8C00538F98 /* Release */,
			);
			defaultConfigurationIsVisible = 0;
			defaultConfigurationName = Release;
		};
		6311FC90292B7D8C00538F98 /* Build configuration list for PBXNativeTarget "Subscription" */ = {
			isa = XCConfigurationList;
			buildConfigurations = (
				6311FC91292B7D8C00538F98 /* Debug */,
				6311FC92292B7D8C00538F98 /* Release */,
			);
			defaultConfigurationIsVisible = 0;
			defaultConfigurationName = Release;
		};
		6311FC93292B7D8C00538F98 /* Build configuration list for PBXNativeTarget "SubscriptionTests" */ = {
			isa = XCConfigurationList;
			buildConfigurations = (
				6311FC94292B7D8C00538F98 /* Debug */,
				6311FC95292B7D8C00538F98 /* Release */,
			);
			defaultConfigurationIsVisible = 0;
			defaultConfigurationName = Release;
		};
		6311FC96292B7D8C00538F98 /* Build configuration list for PBXNativeTarget "SubscriptionUITests" */ = {
			isa = XCConfigurationList;
			buildConfigurations = (
				6311FC97292B7D8C00538F98 /* Debug */,
				6311FC98292B7D8C00538F98 /* Release */,
			);
			defaultConfigurationIsVisible = 0;
			defaultConfigurationName = Release;
		};
/* End XCConfigurationList section */

/* Begin XCRemoteSwiftPackageReference section */
		6311FC99292B7E0300538F98 /* XCRemoteSwiftPackageReference "swift-composable-architecture" */ = {
			isa = XCRemoteSwiftPackageReference;
			repositoryURL = "https://github.com/pointfreeco/swift-composable-architecture";
			requirement = {
				branch = main;
				kind = branch;
			};
		};
		6311FC9E292B7E3B00538F98 /* XCRemoteSwiftPackageReference "TCACoordinators" */ = {
			isa = XCRemoteSwiftPackageReference;
			repositoryURL = "https://github.com/johnpatrickmorgan/TCACoordinators";
			requirement = {
				branch = main;
				kind = branch;
			};
		};
/* End XCRemoteSwiftPackageReference section */

/* Begin XCSwiftPackageProductDependency section */
		6311FC9A292B7E0300538F98 /* ComposableArchitecture */ = {
			isa = XCSwiftPackageProductDependency;
			package = 6311FC99292B7E0300538F98 /* XCRemoteSwiftPackageReference "swift-composable-architecture" */;
			productName = ComposableArchitecture;
		};
		6311FC9C292B7E0300538F98 /* Dependencies */ = {
			isa = XCSwiftPackageProductDependency;
			package = 6311FC99292B7E0300538F98 /* XCRemoteSwiftPackageReference "swift-composable-architecture" */;
			productName = Dependencies;
		};
		6311FC9F292B7E3B00538F98 /* TCACoordinators */ = {
			isa = XCSwiftPackageProductDependency;
			package = 6311FC9E292B7E3B00538F98 /* XCRemoteSwiftPackageReference "TCACoordinators" */;
			productName = TCACoordinators;
		};
/* End XCSwiftPackageProductDependency section */
	};
	rootObject = 6311FC64292B7D8B00538F98 /* Project object */;
}
